
Microsoft Visual Studio Solution File, Format Version 12.00
# Visual Studio Version 17
VisualStudioVersion = 17.0.32014.148
MinimumVisualStudioVersion = 10.0.40219.1
Project("{FAE04EC0-301F-11D3-BF4B-00C04F79EFBC}") = "Atividade_Erros", "Atividade_Erros\Atividade_Erros.csproj", "{8B2011DD-145D-4D73-92A5-2297B313F2A5}"
EndProject
Global
	GlobalSection(SolutionConfigurationPlatforms) = preSolution
		Debug|Any CPU = Debug|Any CPU
		Release|Any CPU = Release|Any CPU
	EndGlobalSection
	GlobalSection(ProjectConfigurationPlatforms) = postSolution
		{8B2011DD-145D-4D73-92A5-2297B313F2A5}.Debug|Any CPU.ActiveCfg = Debug|Any CPU
		{8B2011DD-145D-4D73-92A5-2297B313F2A5}.Debug|Any CPU.Build.0 = Debug|Any CPU
		{8B2011DD-145D-4D73-92A5-2297B313F2A5}.Release|Any CPU.ActiveCfg = Release|Any CPU
		{8B2011DD-145D-4D73-92A5-2297B313F2A5}.Release|Any CPU.Build.0 = Release|Any CPU
	EndGlobalSection
	GlobalSection(SolutionProperties) = preSolution
		HideSolutionNode = FALSE
	EndGlobalSection
	GlobalSection(ExtensibilityGlobals) = postSolution
		SolutionGuid = {96C049EE-064F-4713-A1DF-67477801BF26}
	EndGlobalSection
EndGlobal
